
Microsoft Visual Studio Solution File, Format Version 12.00
# Visual Studio 14
VisualStudioVersion = 14.0.23107.0
MinimumVisualStudioVersion = 10.0.40219.1
Project("{FAE04EC0-301F-11D3-BF4B-00C04F79EFBC}") = "Anupom", "Anupom\Anupom.csproj", "{89312798-4156-4F4F-A86F-0AD11566634C}"
EndProject
Project("{FAE04EC0-301F-11D3-BF4B-00C04F79EFBC}") = "com123-Lesson09A", "com123-Lesson09A\com123-Lesson09A.csproj", "{3445FA3F-6009-44D6-9957-836913097D34}"
EndProject
Global
	GlobalSection(SolutionConfigurationPlatforms) = preSolution
		Debug|Any CPU = Debug|Any CPU
		Release|Any CPU = Release|Any CPU
	EndGlobalSection
	GlobalSection(ProjectConfigurationPlatforms) = postSolution
		{89312798-4156-4F4F-A86F-0AD11566634C}.Debug|Any CPU.ActiveCfg = Debug|Any CPU
		{89312798-4156-4F4F-A86F-0AD11566634C}.Debug|Any CPU.Build.0 = Debug|Any CPU
		{89312798-4156-4F4F-A86F-0AD11566634C}.Release|Any CPU.ActiveCfg = Release|Any CPU
		{89312798-4156-4F4F-A86F-0AD11566634C}.Release|Any CPU.Build.0 = Release|Any CPU
		{3445FA3F-6009-44D6-9957-836913097D34}.Debug|Any CPU.ActiveCfg = Debug|Any CPU
		{3445FA3F-6009-44D6-9957-836913097D34}.Debug|Any CPU.Build.0 = Debug|Any CPU
		{3445FA3F-6009-44D6-9957-836913097D34}.Release|Any CPU.ActiveCfg = Release|Any CPU
		{3445FA3F-6009-44D6-9957-836913097D34}.Release|Any CPU.Build.0 = Release|Any CPU
	EndGlobalSection
	GlobalSection(SolutionProperties) = preSolution
		HideSolutionNode = FALSE
	EndGlobalSection
EndGlobal
